PODS:
  - Deezer (0.8.2)
  - HexColors (2.2.1)
  - Mantle (1.4.1):
    - Mantle/extobjc
  - Mantle/extobjc (1.4.1)
  - MMDrawerController (0.5.3):
    - MMDrawerController/Core
    - MMDrawerController/MMDrawerBarButtonItem
    - MMDrawerController/MMDrawerVisualStates
    - MMDrawerController/Subclass
  - MMDrawerController/Core (0.5.3)
  - MMDrawerController/MMDrawerBarButtonItem (0.5.3):
    - MMDrawerController/Core
  - MMDrawerController/MMDrawerVisualStates (0.5.3):
    - MMDrawerController/Core
  - MMDrawerController/Subclass (0.5.3):
    - MMDrawerController/Core
  - TSMessages (0.9.6):
    - HexColors

DEPENDENCIES:
  - Deezer (~> 0.8)
  - Mantle (~> 1.4)
  - MMDrawerController (~> 0.5)
  - TSMessages (~> 0.9)

SPEC CHECKSUMS:
  Deezer: 293714050414e8e1d56d461e35f8934ebc31bc9a
  HexColors: 99211502e17904af7891fc8f687d0e4958a6d66e
  Mantle: 0714cdb2b8559d9e6c2410d6a8529e3307bff189
  MMDrawerController: 4445e1927e8947b7e2382136c9b7109840efbfb9
  TSMessages: 839edc3164b99ced48c30af9dde9710cd67bea4d

COCOAPODS: 0.32.1
